
Microsoft Visual Studio Solution File, Format Version 12.00
# Visual Studio 15
Project("{FAE04EC0-301F-11D3-BF4B-00C04F79EFBC}") = "RandomUserLib", "RandomUserLib\RandomUserLib.csproj", "{87783F9B-6922-4C01-B76A-36272F604579}"
EndProject
Global
	GlobalSection(SolutionConfigurationPlatforms) = preSolution
		Debug|Any CPU = Debug|Any CPU
		Release|Any CPU = Release|Any CPU
	EndGlobalSection
	GlobalSection(ProjectConfigurationPlatforms) = postSolution
		{87783F9B-6922-4C01-B76A-36272F604579}.Debug|Any CPU.ActiveCfg = Debug|Any CPU
		{87783F9B-6922-4C01-B76A-36272F604579}.Debug|Any CPU.Build.0 = Debug|Any CPU
		{87783F9B-6922-4C01-B76A-36272F604579}.Release|Any CPU.ActiveCfg = Release|Any CPU
		{87783F9B-6922-4C01-B76A-36272F604579}.Release|Any CPU.Build.0 = Release|Any CPU
	EndGlobalSection
EndGlobal
